
Microsoft Visual Studio Solution File, Format Version 12.00
# Visual Studio Version 16
VisualStudioVersion = 16.0.32228.343
MinimumVisualStudioVersion = 10.0.40219.1
Project("{FAE04EC0-301F-11D3-BF4B-00C04F79EFBC}") = "SF_Module15_Practice", "SF_Module15_Practice\SF_Module15_Practice.csproj", "{D7BA3F4C-89AC-4323-BCDC-C9D7FCA3C0C7}"
EndProject
Global
	GlobalSection(SolutionConfigurationPlatforms) = preSolution
		Debug|Any CPU = Debug|Any CPU
		Release|Any CPU = Release|Any CPU
	EndGlobalSection
	GlobalSection(ProjectConfigurationPlatforms) = postSolution
		{D7BA3F4C-89AC-4323-BCDC-C9D7FCA3C0C7}.Debug|Any CPU.ActiveCfg = Debug|Any CPU
		{D7BA3F4C-89AC-4323-BCDC-C9D7FCA3C0C7}.Debug|Any CPU.Build.0 = Debug|Any CPU
		{D7BA3F4C-89AC-4323-BCDC-C9D7FCA3C0C7}.Release|Any CPU.ActiveCfg = Release|Any CPU
		{D7BA3F4C-89AC-4323-BCDC-C9D7FCA3C0C7}.Release|Any CPU.Build.0 = Release|Any CPU
	EndGlobalSection
	GlobalSection(SolutionProperties) = preSolution
		HideSolutionNode = FALSE
	EndGlobalSection
	GlobalSection(ExtensibilityGlobals) = postSolution
		SolutionGuid = {E4E517ED-D26D-4B0D-814F-6973C2A719F7}
	EndGlobalSection
EndGlobal
